
Microsoft Visual Studio Solution File, Format Version 12.00
# Visual Studio Version 16
VisualStudioVersion = 16.0.31112.23
MinimumVisualStudioVersion = 10.0.40219.1
Project("{FAE04EC0-301F-11D3-BF4B-00C04F79EFBC}") = "Bros.PostMachine", "Bros.PostMachine\Bros.PostMachine.csproj", "{CCE0AB71-FBF9-4F26-B724-6ACAAEC428E4}"
EndProject
Global
	GlobalSection(SolutionConfigurationPlatforms) = preSolution
		Debug|Any CPU = Debug|Any CPU
		Release|Any CPU = Release|Any CPU
	EndGlobalSection
	GlobalSection(ProjectConfigurationPlatforms) = postSolution
		{CCE0AB71-FBF9-4F26-B724-6ACAAEC428E4}.Debug|Any CPU.ActiveCfg = Debug|Any CPU
		{CCE0AB71-FBF9-4F26-B724-6ACAAEC428E4}.Debug|Any CPU.Build.0 = Debug|Any CPU
		{CCE0AB71-FBF9-4F26-B724-6ACAAEC428E4}.Release|Any CPU.ActiveCfg = Release|Any CPU
		{CCE0AB71-FBF9-4F26-B724-6ACAAEC428E4}.Release|Any CPU.Build.0 = Release|Any CPU
	EndGlobalSection
	GlobalSection(SolutionProperties) = preSolution
		HideSolutionNode = FALSE
	EndGlobalSection
	GlobalSection(ExtensibilityGlobals) = postSolution
		SolutionGuid = {55F5680D-5D04-402A-B036-B986A191256F}
	EndGlobalSection
EndGlobal
